// !$*UTF8*$!
{
	archiveVersion = 1;
	classes = {
	};
	objectVersion = 54;
	objects = {

/* Begin PBXBuildFile section */
		00E356F31AD99517003FC87E /* Places2StayTests.m in Sources */ = {isa = PBXBuildFile; fileRef = 00E356F21AD99517003FC87E /* Places2StayTests.m */; };
		01237E6970F84996B49703BE /* Bitter-ExtraLightItalic.ttf in Resources */ = {isa = PBXBuildFile; fileRef = 7F2E0055F6BE45A1AB244295 /* Bitter-ExtraLightItalic.ttf */; };
		087CEC78B86D4B37A01CCF7C /* Bitter-BoldItalic.ttf in Resources */ = {isa = PBXBuildFile; fileRef = E205BBC8B7C94D70A19F50A7 /* Bitter-BoldItalic.ttf */; };
		0922D23F0A284B8FA2550FA2 /* EncodeSans-Bold.ttf in Resources */ = {isa = PBXBuildFile; fileRef = C692F2C8470F4D078B06BEA0 /* EncodeSans-Bold.ttf */; };
		0C80B921A6F3F58F76C31292 /* libPods-Places2Stay.a in Frameworks */ = {isa = PBXBuildFile; fileRef = 5DCACB8F33CDC322A6C60F78 /* libPods-Places2Stay.a */; };
		117A42F207224EE8AB387CAF /* Bitter-ThinItalic.ttf in Resources */ = {isa = PBXBuildFile; fileRef = DF5EB2FEC3CD4A5BA56C755D /* Bitter-ThinItalic.ttf */; };
		13B07FBC1A68108700A75B9A /* AppDelegate.mm in Sources */ = {isa = PBXBuildFile; fileRef = 13B07FB01A68108700A75B9A /* AppDelegate.mm */; };
		13B07FBF1A68108700A75B9A /* Images.xcassets in Resources */ = {isa = PBXBuildFile; fileRef = 13B07FB51A68108700A75B9A /* Images.xcassets */; };
		13B07FC11A68108700A75B9A /* main.m in Sources */ = {isa = PBXBuildFile; fileRef = 13B07FB71A68108700A75B9A /* main.m */; };
		20768749B6FA49B496B671DD /* EncodeSans-Regular.ttf in Resources */ = {isa = PBXBuildFile; fileRef = 40F81FC0E7AE40DA94131D88 /* EncodeSans-Regular.ttf */; };
		24C3EE0EBCE74E6A837D1507 /* Bitter-Light.ttf in Resources */ = {isa = PBXBuildFile; fileRef = 1F20E5DDE32E4547B637381A /* Bitter-Light.ttf */; };
		33E472E4D27C491EA4CD02EA /* EncodeSans-Light.ttf in Resources */ = {isa = PBXBuildFile; fileRef = 340FD25887BE41DDB1D25D40 /* EncodeSans-Light.ttf */; };
		39371D60B904401E95D42541 /* Bitter-Black.ttf in Resources */ = {isa = PBXBuildFile; fileRef = 1498996E25CD403C9227E554 /* Bitter-Black.ttf */; };
		3F0C0F4C55EB4E2087DAD4B7 /* Bitter-Italic.ttf in Resources */ = {isa = PBXBuildFile; fileRef = 4C894ABFCD1F468CB04EF383 /* Bitter-Italic.ttf */; };
		4293A328B2A04D0FBBBBB314 /* EncodeSans-ExtraLight.ttf in Resources */ = {isa = PBXBuildFile; fileRef = B06F906127464B668461A7A9 /* EncodeSans-ExtraLight.ttf */; };
		4BFA5F72C6F24F648A14866F /* Bitter-SemiBoldItalic.ttf in Resources */ = {isa = PBXBuildFile; fileRef = 7F0BA4FDD8ED47BD91E81DB1 /* Bitter-SemiBoldItalic.ttf */; };
		5ADE8A578E3C41C384533125 /* EncodeSans-ExtraBold.ttf in Resources */ = {isa = PBXBuildFile; fileRef = 3BB4CD387F50448FB947AFCC /* EncodeSans-ExtraBold.ttf */; };
		6035FB661A954D47991B2FB7 /* EncodeSans-Medium.ttf in Resources */ = {isa = PBXBuildFile; fileRef = B9F339B0F6704CB680729DD7 /* EncodeSans-Medium.ttf */; };
		7699B88040F8A987B510C191 /* libPods-Places2Stay-Places2StayTests.a in Frameworks */ = {isa = PBXBuildFile; fileRef = 19F6CBCC0A4E27FBF8BF4A61 /* libPods-Places2Stay-Places2StayTests.a */; };
		81AB9BB82411601600AC10FF /* LaunchScreen.storyboard in Resources */ = {isa = PBXBuildFile; fileRef = 81AB9BB72411601600AC10FF /* LaunchScreen.storyboard */; };
		893EADE94101480A8C8A3AD0 /* Bitter-SemiBold.ttf in Resources */ = {isa = PBXBuildFile; fileRef = 33B60A8160924D8B96B25520 /* Bitter-SemiBold.ttf */; };
		8E058637826E4002AB21958B /* Bitter-Regular.ttf in Resources */ = {isa = PBXBuildFile; fileRef = A328D245BBBA46058A642E30 /* Bitter-Regular.ttf */; };
		98AC5C9A788049EBBCD9C1E2 /* Bitter-Thin.ttf in Resources */ = {isa = PBXBuildFile; fileRef = 12B055247918425EA3B5494B /* Bitter-Thin.ttf */; };
		B6D8DC5D5BF141DAAECA4F8D /* EncodeSans-Black.ttf in Resources */ = {isa = PBXBuildFile; fileRef = 2A37014ED4F242509F1E4CFE /* EncodeSans-Black.ttf */; };
		C1AB18099F1F47DAA7578E04 /* EncodeSans-Thin.ttf in Resources */ = {isa = PBXBuildFile; fileRef = 4086A5D815EE43EBA4082875 /* EncodeSans-Thin.ttf */; };
		C21FF7E172704A49BDD008DF /* Bitter-MediumItalic.ttf in Resources */ = {isa = PBXBuildFile; fileRef = C55D4122E4BD441D940E3EC5 /* Bitter-MediumItalic.ttf */; };
		C370BF7EF83E47AA8F9142CA /* Bitter-LightItalic.ttf in Resources */ = {isa = PBXBuildFile; fileRef = FD44198F494D4CD08F640578 /* Bitter-LightItalic.ttf */; };
		CDE341A95AE747BF9492BA21 /* Bitter-Bold.ttf in Resources */ = {isa = PBXBuildFile; fileRef = 12F33979D01E4E3090804AB0 /* Bitter-Bold.ttf */; };
		D61F02D8E94E422BA7EED279 /* Bitter-Medium.ttf in Resources */ = {isa = PBXBuildFile; fileRef = 6BCFBE7CF4E8498585AB36FA /* Bitter-Medium.ttf */; };
		DA085FECBBDF48F3BA497252 /* Bitter-ExtraLight.ttf in Resources */ = {isa = PBXBuildFile; fileRef = 733E0E2427ED4F33B70247D7 /* Bitter-ExtraLight.ttf */; };
		E3CEC690BA674AF3AE6A9467 /* Bitter-ExtraBold.ttf in Resources */ = {isa = PBXBuildFile; fileRef = 0855A62466C54339AD96A0BA /* Bitter-ExtraBold.ttf */; };
		E9C876A7EB91487DA758CFBC /* Bitter-BlackItalic.ttf in Resources */ = {isa = PBXBuildFile; fileRef = EB23924E4811443FB8564627 /* Bitter-BlackItalic.ttf */; };
		F7C556CD2A7F43E1AC8CE9BC /* EncodeSans-SemiBold.ttf in Resources */ = {isa = PBXBuildFile; fileRef = 780FBF418C024AF39DED76E3 /* EncodeSans-SemiBold.ttf */; };
		FE7348E5CF094499BD38E8AE /* Bitter-ExtraBoldItalic.ttf in Resources */ = {isa = PBXBuildFile; fileRef = 8B9B75AFA5F54C31BFED2A2A /* Bitter-ExtraBoldItalic.ttf */; };
		97BC1699FB754311BFB00F8F /* AntDesign.ttf in Resources */ = {isa = PBXBuildFile; fileRef = B10CC514B1B8480FB0818032 /* AntDesign.ttf */; };
		69A249348FD0411AA6D4DDD3 /* Entypo.ttf in Resources */ = {isa = PBXBuildFile; fileRef = E86EC61BC03D46988DA2594D /* Entypo.ttf */; };
		8D2844B98F0443C69CAF2D17 /* EvilIcons.ttf in Resources */ = {isa = PBXBuildFile; fileRef = 1B0E9534259E4460BF031E70 /* EvilIcons.ttf */; };
		18E89C8EB99D4D27B3E1CE0F /* Feather.ttf in Resources */ = {isa = PBXBuildFile; fileRef = 6D9318E31E314AA3A9022ED3 /* Feather.ttf */; };
		74EC1AB270A54BF29955CDB8 /* FontAwesome.ttf in Resources */ = {isa = PBXBuildFile; fileRef = 01DCF2765D924B8EA4B2DADF /* FontAwesome.ttf */; };
		5BE2750B81CD40C8904596CB /* FontAwesome5_Brands.ttf in Resources */ = {isa = PBXBuildFile; fileRef = DCD3B8C755DC462CBEC3D6CC /* FontAwesome5_Brands.ttf */; };
		CE397B5980004598A09F3BBF /* FontAwesome5_Regular.ttf in Resources */ = {isa = PBXBuildFile; fileRef = A4FDBE2536924CC595774C08 /* FontAwesome5_Regular.ttf */; };
		0C16E6D94AEA465485D29FDD /* FontAwesome5_Solid.ttf in Resources */ = {isa = PBXBuildFile; fileRef = 1DC146B3FEDE4ECEAD9458F5 /* FontAwesome5_Solid.ttf */; };
		C68F325FB49C477F885B3EB0 /* Fontisto.ttf in Resources */ = {isa = PBXBuildFile; fileRef = 18C4A97B442143A9A2DB521F /* Fontisto.ttf */; };
		BDB9DE8EB6AC40B38C1404D9 /* Foundation.ttf in Resources */ = {isa = PBXBuildFile; fileRef = 347DDA68695946DABA00A3C5 /* Foundation.ttf */; };
		945B032735CD40C5988FC6E1 /* Ionicons.ttf in Resources */ = {isa = PBXBuildFile; fileRef = 8DF5B7CF407E4FA797CEA1CB /* Ionicons.ttf */; };
		58ECE7B623CC48278B9CAF49 /* MaterialCommunityIcons.ttf in Resources */ = {isa = PBXBuildFile; fileRef = 6743AE7C8F6149B6B2C1E2E1 /* MaterialCommunityIcons.ttf */; };
		6552E51E0DDD4C2E85924CFA /* MaterialIcons.ttf in Resources */ = {isa = PBXBuildFile; fileRef = 336613FEE2C44D70BAD29A09 /* MaterialIcons.ttf */; };
		62F2C4C3ED1040AD8C61904D /* Octicons.ttf in Resources */ = {isa = PBXBuildFile; fileRef = F399B3B1C6C245038089363D /* Octicons.ttf */; };
		583370FA7917431CA008216F /* SimpleLineIcons.ttf in Resources */ = {isa = PBXBuildFile; fileRef = 5A3CDB198444413A8E5C56C5 /* SimpleLineIcons.ttf */; };
		A4CA4EA5BE894A17B9358A5A /* Zocial.ttf in Resources */ = {isa = PBXBuildFile; fileRef = FA40FD2244B64110B447DFF4 /* Zocial.ttf */; };
		63AF7069B68F461DB6C70807 /* calendarTabIcon.svg in Resources */ = {isa = PBXBuildFile; fileRef = F0A0BBE1434D4450B5276DDC /* calendarTabIcon.svg */; };
		7B4B9BE6F4DF41BBB967175A /* homeTasIcon.svg in Resources */ = {isa = PBXBuildFile; fileRef = E03EF8EE6FF7447B836C53B5 /* homeTasIcon.svg */; };
/* End PBXBuildFile section */

/* Begin PBXContainerItemProxy section */
		00E356F41AD99517003FC87E /* PBXContainerItemProxy */ = {
			isa = PBXContainerItemProxy;
			containerPortal = 83CBB9F71A601CBA00E9B192 /* Project object */;
			proxyType = 1;
			remoteGlobalIDString = 13B07F861A680F5B00A75B9A;
			remoteInfo = Places2Stay;
		};
/* End PBXContainerItemProxy section */

/* Begin PBXFileReference section */
		00E356EE1AD99517003FC87E /* Places2StayTests.xctest */ = {isa = PBXFileReference; explicitFileType = wrapper.cfbundle; includeInIndex = 0; path = Places2StayTests.xctest; sourceTree = BUILT_PRODUCTS_DIR; };
		00E356F11AD99517003FC87E /* Info.plist */ = {isa = PBXFileReference; lastKnownFileType = text.plist.xml; path = Info.plist; sourceTree = "<group>"; };
		00E356F21AD99517003FC87E /* Places2StayTests.m */ = {isa = PBXFileReference; lastKnownFileType = sourcecode.c.objc; path = Places2StayTests.m; sourceTree = "<group>"; };
		0855A62466C54339AD96A0BA /* Bitter-ExtraBold.ttf */ = {isa = PBXFileReference; explicitFileType = undefined; fileEncoding = undefined; includeInIndex = 0; lastKnownFileType = unknown; name = "Bitter-ExtraBold.ttf"; path = "../src/assets/fonts/Bitter/Bitter-ExtraBold.ttf"; sourceTree = "<group>"; };
		12B055247918425EA3B5494B /* Bitter-Thin.ttf */ = {isa = PBXFileReference; explicitFileType = undefined; fileEncoding = undefined; includeInIndex = 0; lastKnownFileType = unknown; name = "Bitter-Thin.ttf"; path = "../src/assets/fonts/Bitter/Bitter-Thin.ttf"; sourceTree = "<group>"; };
		12F33979D01E4E3090804AB0 /* Bitter-Bold.ttf */ = {isa = PBXFileReference; explicitFileType = undefined; fileEncoding = undefined; includeInIndex = 0; lastKnownFileType = unknown; name = "Bitter-Bold.ttf"; path = "../src/assets/fonts/Bitter/Bitter-Bold.ttf"; sourceTree = "<group>"; };
		13B07F961A680F5B00A75B9A /* Places2Stay.app */ = {isa = PBXFileReference; explicitFileType = wrapper.application; includeInIndex = 0; path = Places2Stay.app; sourceTree = BUILT_PRODUCTS_DIR; };
		13B07FAF1A68108700A75B9A /* AppDelegate.h */ = {isa = PBXFileReference; fileEncoding = 4; lastKnownFileType = sourcecode.c.h; name = AppDelegate.h; path = Places2Stay/AppDelegate.h; sourceTree = "<group>"; };
		13B07FB01A68108700A75B9A /* AppDelegate.mm */ = {isa = PBXFileReference; fileEncoding = 4; lastKnownFileType = sourcecode.cpp.objcpp; name = AppDelegate.mm; path = Places2Stay/AppDelegate.mm; sourceTree = "<group>"; };
		13B07FB51A68108700A75B9A /* Images.xcassets */ = {isa = PBXFileReference; lastKnownFileType = folder.assetcatalog; name = Images.xcassets; path = Places2Stay/Images.xcassets; sourceTree = "<group>"; };
		13B07FB61A68108700A75B9A /* Info.plist */ = {isa = PBXFileReference; fileEncoding = 4; lastKnownFileType = text.plist.xml; name = Info.plist; path = Places2Stay/Info.plist; sourceTree = "<group>"; };
		13B07FB71A68108700A75B9A /* main.m */ = {isa = PBXFileReference; fileEncoding = 4; lastKnownFileType = sourcecode.c.objc; name = main.m; path = Places2Stay/main.m; sourceTree = "<group>"; };
		1498996E25CD403C9227E554 /* Bitter-Black.ttf */ = {isa = PBXFileReference; explicitFileType = undefined; fileEncoding = undefined; includeInIndex = 0; lastKnownFileType = unknown; name = "Bitter-Black.ttf"; path = "../src/assets/fonts/Bitter/Bitter-Black.ttf"; sourceTree = "<group>"; };
		19F6CBCC0A4E27FBF8BF4A61 /* libPods-Places2Stay-Places2StayTests.a */ = {isa = PBXFileReference; explicitFileType = archive.ar; includeInIndex = 0; path = "libPods-Places2Stay-Places2StayTests.a"; sourceTree = BUILT_PRODUCTS_DIR; };
		1F20E5DDE32E4547B637381A /* Bitter-Light.ttf */ = {isa = PBXFileReference; explicitFileType = undefined; fileEncoding = undefined; includeInIndex = 0; lastKnownFileType = unknown; name = "Bitter-Light.ttf"; path = "../src/assets/fonts/Bitter/Bitter-Light.ttf"; sourceTree = "<group>"; };
		2A37014ED4F242509F1E4CFE /* EncodeSans-Black.ttf */ = {isa = PBXFileReference; explicitFileType = undefined; fileEncoding = undefined; includeInIndex = 0; lastKnownFileType = unknown; name = "EncodeSans-Black.ttf"; path = "../src/assets/fonts/EncodeSans/EncodeSans-Black.ttf"; sourceTree = "<group>"; };
		33B60A8160924D8B96B25520 /* Bitter-SemiBold.ttf */ = {isa = PBXFileReference; explicitFileType = undefined; fileEncoding = undefined; includeInIndex = 0; lastKnownFileType = unknown; name = "Bitter-SemiBold.ttf"; path = "../src/assets/fonts/Bitter/Bitter-SemiBold.ttf"; sourceTree = "<group>"; };
		340FD25887BE41DDB1D25D40 /* EncodeSans-Light.ttf */ = {isa = PBXFileReference; explicitFileType = undefined; fileEncoding = undefined; includeInIndex = 0; lastKnownFileType = unknown; name = "EncodeSans-Light.ttf"; path = "../src/assets/fonts/EncodeSans/EncodeSans-Light.ttf"; sourceTree = "<group>"; };
		3B4392A12AC88292D35C810B /* Pods-Places2Stay.debug.xcconfig */ = {isa = PBXFileReference; includeInIndex = 1; lastKnownFileType = text.xcconfig; name = "Pods-Places2Stay.debug.xcconfig"; path = "Target Support Files/Pods-Places2Stay/Pods-Places2Stay.debug.xcconfig"; sourceTree = "<group>"; };
		3BB4CD387F50448FB947AFCC /* EncodeSans-ExtraBold.ttf */ = {isa = PBXFileReference; explicitFileType = undefined; fileEncoding = undefined; includeInIndex = 0; lastKnownFileType = unknown; name = "EncodeSans-ExtraBold.ttf"; path = "../src/assets/fonts/EncodeSans/EncodeSans-ExtraBold.ttf"; sourceTree = "<group>"; };
		4086A5D815EE43EBA4082875 /* EncodeSans-Thin.ttf */ = {isa = PBXFileReference; explicitFileType = undefined; fileEncoding = undefined; includeInIndex = 0; lastKnownFileType = unknown; name = "EncodeSans-Thin.ttf"; path = "../src/assets/fonts/EncodeSans/EncodeSans-Thin.ttf"; sourceTree = "<group>"; };
		40F81FC0E7AE40DA94131D88 /* EncodeSans-Regular.ttf */ = {isa = PBXFileReference; explicitFileType = undefined; fileEncoding = undefined; includeInIndex = 0; lastKnownFileType = unknown; name = "EncodeSans-Regular.ttf"; path = "../src/assets/fonts/EncodeSans/EncodeSans-Regular.ttf"; sourceTree = "<group>"; };
		4C894ABFCD1F468CB04EF383 /* Bitter-Italic.ttf */ = {isa = PBXFileReference; explicitFileType = undefined; fileEncoding = undefined; includeInIndex = 0; lastKnownFileType = unknown; name = "Bitter-Italic.ttf"; path = "../src/assets/fonts/Bitter/Bitter-Italic.ttf"; sourceTree = "<group>"; };
		5709B34CF0A7D63546082F79 /* Pods-Places2Stay.release.xcconfig */ = {isa = PBXFileReference; includeInIndex = 1; lastKnownFileType = text.xcconfig; name = "Pods-Places2Stay.release.xcconfig"; path = "Target Support Files/Pods-Places2Stay/Pods-Places2Stay.release.xcconfig"; sourceTree = "<group>"; };
		5B7EB9410499542E8C5724F5 /* Pods-Places2Stay-Places2StayTests.debug.xcconfig */ = {isa = PBXFileReference; includeInIndex = 1; lastKnownFileType = text.xcconfig; name = "Pods-Places2Stay-Places2StayTests.debug.xcconfig"; path = "Target Support Files/Pods-Places2Stay-Places2StayTests/Pods-Places2Stay-Places2StayTests.debug.xcconfig"; sourceTree = "<group>"; };
		5DCACB8F33CDC322A6C60F78 /* libPods-Places2Stay.a */ = {isa = PBXFileReference; explicitFileType = archive.ar; includeInIndex = 0; path = "libPods-Places2Stay.a"; sourceTree = BUILT_PRODUCTS_DIR; };
		6BCFBE7CF4E8498585AB36FA /* Bitter-Medium.ttf */ = {isa = PBXFileReference; explicitFileType = undefined; fileEncoding = undefined; includeInIndex = 0; lastKnownFileType = unknown; name = "Bitter-Medium.ttf"; path = "../src/assets/fonts/Bitter/Bitter-Medium.ttf"; sourceTree = "<group>"; };
		733E0E2427ED4F33B70247D7 /* Bitter-ExtraLight.ttf */ = {isa = PBXFileReference; explicitFileType = undefined; fileEncoding = undefined; includeInIndex = 0; lastKnownFileType = unknown; name = "Bitter-ExtraLight.ttf"; path = "../src/assets/fonts/Bitter/Bitter-ExtraLight.ttf"; sourceTree = "<group>"; };
		780FBF418C024AF39DED76E3 /* EncodeSans-SemiBold.ttf */ = {isa = PBXFileReference; explicitFileType = undefined; fileEncoding = undefined; includeInIndex = 0; lastKnownFileType = unknown; name = "EncodeSans-SemiBold.ttf"; path = "../src/assets/fonts/EncodeSans/EncodeSans-SemiBold.ttf"; sourceTree = "<group>"; };
		7F0BA4FDD8ED47BD91E81DB1 /* Bitter-SemiBoldItalic.ttf */ = {isa = PBXFileReference; explicitFileType = undefined; fileEncoding = undefined; includeInIndex = 0; lastKnownFileType = unknown; name = "Bitter-SemiBoldItalic.ttf"; path = "../src/assets/fonts/Bitter/Bitter-SemiBoldItalic.ttf"; sourceTree = "<group>"; };
		7F2E0055F6BE45A1AB244295 /* Bitter-ExtraLightItalic.ttf */ = {isa = PBXFileReference; explicitFileType = undefined; fileEncoding = undefined; includeInIndex = 0; lastKnownFileType = unknown; name = "Bitter-ExtraLightItalic.ttf"; path = "../src/assets/fonts/Bitter/Bitter-ExtraLightItalic.ttf"; sourceTree = "<group>"; };
		81AB9BB72411601600AC10FF /* LaunchScreen.storyboard */ = {isa = PBXFileReference; fileEncoding = 4; lastKnownFileType = file.storyboard; name = LaunchScreen.storyboard; path = Places2Stay/LaunchScreen.storyboard; sourceTree = "<group>"; };
		89C6BE57DB24E9ADA2F236DE /* Pods-Places2Stay-Places2StayTests.release.xcconfig */ = {isa = PBXFileReference; includeInIndex = 1; lastKnownFileType = text.xcconfig; name = "Pods-Places2Stay-Places2StayTests.release.xcconfig"; path = "Target Support Files/Pods-Places2Stay-Places2StayTests/Pods-Places2Stay-Places2StayTests.release.xcconfig"; sourceTree = "<group>"; };
		8B9B75AFA5F54C31BFED2A2A /* Bitter-ExtraBoldItalic.ttf */ = {isa = PBXFileReference; explicitFileType = undefined; fileEncoding = undefined; includeInIndex = 0; lastKnownFileType = unknown; name = "Bitter-ExtraBoldItalic.ttf"; path = "../src/assets/fonts/Bitter/Bitter-ExtraBoldItalic.ttf"; sourceTree = "<group>"; };
		A328D245BBBA46058A642E30 /* Bitter-Regular.ttf */ = {isa = PBXFileReference; explicitFileType = undefined; fileEncoding = undefined; includeInIndex = 0; lastKnownFileType = unknown; name = "Bitter-Regular.ttf"; path = "../src/assets/fonts/Bitter/Bitter-Regular.ttf"; sourceTree = "<group>"; };
		B06F906127464B668461A7A9 /* EncodeSans-ExtraLight.ttf */ = {isa = PBXFileReference; explicitFileType = undefined; fileEncoding = undefined; includeInIndex = 0; lastKnownFileType = unknown; name = "EncodeSans-ExtraLight.ttf"; path = "../src/assets/fonts/EncodeSans/EncodeSans-ExtraLight.ttf"; sourceTree = "<group>"; };
		B9F339B0F6704CB680729DD7 /* EncodeSans-Medium.ttf */ = {isa = PBXFileReference; explicitFileType = undefined; fileEncoding = undefined; includeInIndex = 0; lastKnownFileType = unknown; name = "EncodeSans-Medium.ttf"; path = "../src/assets/fonts/EncodeSans/EncodeSans-Medium.ttf"; sourceTree = "<group>"; };
		C55D4122E4BD441D940E3EC5 /* Bitter-MediumItalic.ttf */ = {isa = PBXFileReference; explicitFileType = undefined; fileEncoding = undefined; includeInIndex = 0; lastKnownFileType = unknown; name = "Bitter-MediumItalic.ttf"; path = "../src/assets/fonts/Bitter/Bitter-MediumItalic.ttf"; sourceTree = "<group>"; };
		C692F2C8470F4D078B06BEA0 /* EncodeSans-Bold.ttf */ = {isa = PBXFileReference; explicitFileType = undefined; fileEncoding = undefined; includeInIndex = 0; lastKnownFileType = unknown; name = "EncodeSans-Bold.ttf"; path = "../src/assets/fonts/EncodeSans/EncodeSans-Bold.ttf"; sourceTree = "<group>"; };
		DF5EB2FEC3CD4A5BA56C755D /* Bitter-ThinItalic.ttf */ = {isa = PBXFileReference; explicitFileType = undefined; fileEncoding = undefined; includeInIndex = 0; lastKnownFileType = unknown; name = "Bitter-ThinItalic.ttf"; path = "../src/assets/fonts/Bitter/Bitter-ThinItalic.ttf"; sourceTree = "<group>"; };
		E205BBC8B7C94D70A19F50A7 /* Bitter-BoldItalic.ttf */ = {isa = PBXFileReference; explicitFileType = undefined; fileEncoding = undefined; includeInIndex = 0; lastKnownFileType = unknown; name = "Bitter-BoldItalic.ttf"; path = "../src/assets/fonts/Bitter/Bitter-BoldItalic.ttf"; sourceTree = "<group>"; };
		EB23924E4811443FB8564627 /* Bitter-BlackItalic.ttf */ = {isa = PBXFileReference; explicitFileType = undefined; fileEncoding = undefined; includeInIndex = 0; lastKnownFileType = unknown; name = "Bitter-BlackItalic.ttf"; path = "../src/assets/fonts/Bitter/Bitter-BlackItalic.ttf"; sourceTree = "<group>"; };
		ED297162215061F000B7C4FE /* JavaScriptCore.framework */ = {isa = PBXFileReference; lastKnownFileType = wrapper.framework; name = JavaScriptCore.framework; path = System/Library/Frameworks/JavaScriptCore.framework; sourceTree = SDKROOT; };
		FD44198F494D4CD08F640578 /* Bitter-LightItalic.ttf */ = {isa = PBXFileReference; explicitFileType = undefined; fileEncoding = undefined; includeInIndex = 0; lastKnownFileType = unknown; name = "Bitter-LightItalic.ttf"; path = "../src/assets/fonts/Bitter/Bitter-LightItalic.ttf"; sourceTree = "<group>"; };
		B10CC514B1B8480FB0818032 /* AntDesign.ttf */ = {isa = PBXFileReference; name = "AntDesign.ttf"; path = "../node_modules/react-native-vector-icons/Fonts/AntDesign.ttf"; sourceTree = "<group>"; fileEncoding = undefined; lastKnownFileType = unknown; explicitFileType = undefined; includeInIndex = 0; };
		E86EC61BC03D46988DA2594D /* Entypo.ttf */ = {isa = PBXFileReference; name = "Entypo.ttf"; path = "../node_modules/react-native-vector-icons/Fonts/Entypo.ttf"; sourceTree = "<group>"; fileEncoding = undefined; lastKnownFileType = unknown; explicitFileType = undefined; includeInIndex = 0; };
		1B0E9534259E4460BF031E70 /* EvilIcons.ttf */ = {isa = PBXFileReference; name = "EvilIcons.ttf"; path = "../node_modules/react-native-vector-icons/Fonts/EvilIcons.ttf"; sourceTree = "<group>"; fileEncoding = undefined; lastKnownFileType = unknown; explicitFileType = undefined; includeInIndex = 0; };
		6D9318E31E314AA3A9022ED3 /* Feather.ttf */ = {isa = PBXFileReference; name = "Feather.ttf"; path = "../node_modules/react-native-vector-icons/Fonts/Feather.ttf"; sourceTree = "<group>"; fileEncoding = undefined; lastKnownFileType = unknown; explicitFileType = undefined; includeInIndex = 0; };
		01DCF2765D924B8EA4B2DADF /* FontAwesome.ttf */ = {isa = PBXFileReference; name = "FontAwesome.ttf"; path = "../node_modules/react-native-vector-icons/Fonts/FontAwesome.ttf"; sourceTree = "<group>"; fileEncoding = undefined; lastKnownFileType = unknown; explicitFileType = undefined; includeInIndex = 0; };
		DCD3B8C755DC462CBEC3D6CC /* FontAwesome5_Brands.ttf */ = {isa = PBXFileReference; name = "FontAwesome5_Brands.ttf"; path = "../node_modules/react-native-vector-icons/Fonts/FontAwesome5_Brands.ttf"; sourceTree = "<group>"; fileEncoding = undefined; lastKnownFileType = unknown; explicitFileType = undefined; includeInIndex = 0; };
		A4FDBE2536924CC595774C08 /* FontAwesome5_Regular.ttf */ = {isa = PBXFileReference; name = "FontAwesome5_Regular.ttf"; path = "../node_modules/react-native-vector-icons/Fonts/FontAwesome5_Regular.ttf"; sourceTree = "<group>"; fileEncoding = undefined; lastKnownFileType = unknown; explicitFileType = undefined; includeInIndex = 0; };
		1DC146B3FEDE4ECEAD9458F5 /* FontAwesome5_Solid.ttf */ = {isa = PBXFileReference; name = "FontAwesome5_Solid.ttf"; path = "../node_modules/react-native-vector-icons/Fonts/FontAwesome5_Solid.ttf"; sourceTree = "<group>"; fileEncoding = undefined; lastKnownFileType = unknown; explicitFileType = undefined; includeInIndex = 0; };
		18C4A97B442143A9A2DB521F /* Fontisto.ttf */ = {isa = PBXFileReference; name = "Fontisto.ttf"; path = "../node_modules/react-native-vector-icons/Fonts/Fontisto.ttf"; sourceTree = "<group>"; fileEncoding = undefined; lastKnownFileType = unknown; explicitFileType = undefined; includeInIndex = 0; };
		347DDA68695946DABA00A3C5 /* Foundation.ttf */ = {isa = PBXFileReference; name = "Foundation.ttf"; path = "../node_modules/react-native-vector-icons/Fonts/Foundation.ttf"; sourceTree = "<group>"; fileEncoding = undefined; lastKnownFileType = unknown; explicitFileType = undefined; includeInIndex = 0; };
		8DF5B7CF407E4FA797CEA1CB /* Ionicons.ttf */ = {isa = PBXFileReference; name = "Ionicons.ttf"; path = "../node_modules/react-native-vector-icons/Fonts/Ionicons.ttf"; sourceTree = "<group>"; fileEncoding = undefined; lastKnownFileType = unknown; explicitFileType = undefined; includeInIndex = 0; };
		6743AE7C8F6149B6B2C1E2E1 /* MaterialCommunityIcons.ttf */ = {isa = PBXFileReference; name = "MaterialCommunityIcons.ttf"; path = "../node_modules/react-native-vector-icons/Fonts/MaterialCommunityIcons.ttf"; sourceTree = "<group>"; fileEncoding = undefined; lastKnownFileType = unknown; explicitFileType = undefined; includeInIndex = 0; };
		336613FEE2C44D70BAD29A09 /* MaterialIcons.ttf */ = {isa = PBXFileReference; name = "MaterialIcons.ttf"; path = "../node_modules/react-native-vector-icons/Fonts/MaterialIcons.ttf"; sourceTree = "<group>"; fileEncoding = undefined; lastKnownFileType = unknown; explicitFileType = undefined; includeInIndex = 0; };
		F399B3B1C6C245038089363D /* Octicons.ttf */ = {isa = PBXFileReference; name = "Octicons.ttf"; path = "../node_modules/react-native-vector-icons/Fonts/Octicons.ttf"; sourceTree = "<group>"; fileEncoding = undefined; lastKnownFileType = unknown; explicitFileType = undefined; includeInIndex = 0; };
		5A3CDB198444413A8E5C56C5 /* SimpleLineIcons.ttf */ = {isa = PBXFileReference; name = "SimpleLineIcons.ttf"; path = "../node_modules/react-native-vector-icons/Fonts/SimpleLineIcons.ttf"; sourceTree = "<group>"; fileEncoding = undefined; lastKnownFileType = unknown; explicitFileType = undefined; includeInIndex = 0; };
		FA40FD2244B64110B447DFF4 /* Zocial.ttf */ = {isa = PBXFileReference; name = "Zocial.ttf"; path = "../node_modules/react-native-vector-icons/Fonts/Zocial.ttf"; sourceTree = "<group>"; fileEncoding = undefined; lastKnownFileType = unknown; explicitFileType = undefined; includeInIndex = 0; };
		F0A0BBE1434D4450B5276DDC /* calendarTabIcon.svg */ = {isa = PBXFileReference; name = "calendarTabIcon.svg"; path = "../src/assets/icons/calendarTabIcon.svg"; sourceTree = "<group>"; fileEncoding = undefined; lastKnownFileType = unknown; explicitFileType = undefined; includeInIndex = 0; };
		E03EF8EE6FF7447B836C53B5 /* homeTasIcon.svg */ = {isa = PBXFileReference; name = "homeTasIcon.svg"; path = "../src/assets/icons/homeTasIcon.svg"; sourceTree = "<group>"; fileEncoding = undefined; lastKnownFileType = unknown; explicitFileType = undefined; includeInIndex = 0; };
/* End PBXFileReference section */

/* Begin PBXFrameworksBuildPhase section */
		00E356EB1AD99517003FC87E /* Frameworks */ = {
			isa = PBXFrameworksBuildPhase;
			buildActionMask = 2147483647;
			files = (
				7699B88040F8A987B510C191 /* libPods-Places2Stay-Places2StayTests.a in Frameworks */,
			);
			runOnlyForDeploymentPostprocessing = 0;
		};
		13B07F8C1A680F5B00A75B9A /* Frameworks */ = {
			isa = PBXFrameworksBuildPhase;
			buildActionMask = 2147483647;
			files = (
				0C80B921A6F3F58F76C31292 /* libPods-Places2Stay.a in Frameworks */,
			);
			runOnlyForDeploymentPostprocessing = 0;
		};
/* End PBXFrameworksBuildPhase section */

/* Begin PBXGroup section */
		00E356EF1AD99517003FC87E /* Places2StayTests */ = {
			isa = PBXGroup;
			children = (
				00E356F21AD99517003FC87E /* Places2StayTests.m */,
				00E356F01AD99517003FC87E /* Supporting Files */,
			);
			path = Places2StayTests;
			sourceTree = "<group>";
		};
		00E356F01AD99517003FC87E /* Supporting Files */ = {
			isa = PBXGroup;
			children = (
				00E356F11AD99517003FC87E /* Info.plist */,
			);
			name = "Supporting Files";
			sourceTree = "<group>";
		};
		13B07FAE1A68108700A75B9A /* Places2Stay */ = {
			isa = PBXGroup;
			children = (
				13B07FAF1A68108700A75B9A /* AppDelegate.h */,
				13B07FB01A68108700A75B9A /* AppDelegate.mm */,
				13B07FB51A68108700A75B9A /* Images.xcassets */,
				13B07FB61A68108700A75B9A /* Info.plist */,
				81AB9BB72411601600AC10FF /* LaunchScreen.storyboard */,
				13B07FB71A68108700A75B9A /* main.m */,
			);
			name = Places2Stay;
			sourceTree = "<group>";
		};
		2D16E6871FA4F8E400B85C8A /* Frameworks */ = {
			isa = PBXGroup;
			children = (
				ED297162215061F000B7C4FE /* JavaScriptCore.framework */,
				5DCACB8F33CDC322A6C60F78 /* libPods-Places2Stay.a */,
				19F6CBCC0A4E27FBF8BF4A61 /* libPods-Places2Stay-Places2StayTests.a */,
			);
			name = Frameworks;
			sourceTree = "<group>";
		};
		832341AE1AAA6A7D00B99B32 /* Libraries */ = {
			isa = PBXGroup;
			children = (
			);
			name = Libraries;
			sourceTree = "<group>";
		};
		83CBB9F61A601CBA00E9B192 = {
			isa = PBXGroup;
			children = (
				13B07FAE1A68108700A75B9A /* Places2Stay */,
				832341AE1AAA6A7D00B99B32 /* Libraries */,
				00E356EF1AD99517003FC87E /* Places2StayTests */,
				83CBBA001A601CBA00E9B192 /* Products */,
				2D16E6871FA4F8E400B85C8A /* Frameworks */,
				BBD78D7AC51CEA395F1C20DB /* Pods */,
				E98373A4D749498181C2B3FF /* Resources */,
			);
			indentWidth = 2;
			sourceTree = "<group>";
			tabWidth = 2;
			usesTabs = 0;
		};
		83CBBA001A601CBA00E9B192 /* Products */ = {
			isa = PBXGroup;
			children = (
				13B07F961A680F5B00A75B9A /* Places2Stay.app */,
				00E356EE1AD99517003FC87E /* Places2StayTests.xctest */,
			);
			name = Products;
			sourceTree = "<group>";
		};
		BBD78D7AC51CEA395F1C20DB /* Pods */ = {
			isa = PBXGroup;
			children = (
				3B4392A12AC88292D35C810B /* Pods-Places2Stay.debug.xcconfig */,
				5709B34CF0A7D63546082F79 /* Pods-Places2Stay.release.xcconfig */,
				5B7EB9410499542E8C5724F5 /* Pods-Places2Stay-Places2StayTests.debug.xcconfig */,
				89C6BE57DB24E9ADA2F236DE /* Pods-Places2Stay-Places2StayTests.release.xcconfig */,
			);
			path = Pods;
			sourceTree = "<group>";
		};
		E98373A4D749498181C2B3FF /* Resources */ = {
			isa = PBXGroup;
			children = (
				1498996E25CD403C9227E554 /* Bitter-Black.ttf */,
				EB23924E4811443FB8564627 /* Bitter-BlackItalic.ttf */,
				12F33979D01E4E3090804AB0 /* Bitter-Bold.ttf */,
				E205BBC8B7C94D70A19F50A7 /* Bitter-BoldItalic.ttf */,
				0855A62466C54339AD96A0BA /* Bitter-ExtraBold.ttf */,
				8B9B75AFA5F54C31BFED2A2A /* Bitter-ExtraBoldItalic.ttf */,
				733E0E2427ED4F33B70247D7 /* Bitter-ExtraLight.ttf */,
				7F2E0055F6BE45A1AB244295 /* Bitter-ExtraLightItalic.ttf */,
				4C894ABFCD1F468CB04EF383 /* Bitter-Italic.ttf */,
				1F20E5DDE32E4547B637381A /* Bitter-Light.ttf */,
				FD44198F494D4CD08F640578 /* Bitter-LightItalic.ttf */,
				6BCFBE7CF4E8498585AB36FA /* Bitter-Medium.ttf */,
				C55D4122E4BD441D940E3EC5 /* Bitter-MediumItalic.ttf */,
				A328D245BBBA46058A642E30 /* Bitter-Regular.ttf */,
				33B60A8160924D8B96B25520 /* Bitter-SemiBold.ttf */,
				7F0BA4FDD8ED47BD91E81DB1 /* Bitter-SemiBoldItalic.ttf */,
				12B055247918425EA3B5494B /* Bitter-Thin.ttf */,
				DF5EB2FEC3CD4A5BA56C755D /* Bitter-ThinItalic.ttf */,
				2A37014ED4F242509F1E4CFE /* EncodeSans-Black.ttf */,
				C692F2C8470F4D078B06BEA0 /* EncodeSans-Bold.ttf */,
				3BB4CD387F50448FB947AFCC /* EncodeSans-ExtraBold.ttf */,
				B06F906127464B668461A7A9 /* EncodeSans-ExtraLight.ttf */,
				340FD25887BE41DDB1D25D40 /* EncodeSans-Light.ttf */,
				B9F339B0F6704CB680729DD7 /* EncodeSans-Medium.ttf */,
				40F81FC0E7AE40DA94131D88 /* EncodeSans-Regular.ttf */,
				780FBF418C024AF39DED76E3 /* EncodeSans-SemiBold.ttf */,
				4086A5D815EE43EBA4082875 /* EncodeSans-Thin.ttf */,
				B10CC514B1B8480FB0818032 /* AntDesign.ttf */,
				E86EC61BC03D46988DA2594D /* Entypo.ttf */,
				1B0E9534259E4460BF031E70 /* EvilIcons.ttf */,
				6D9318E31E314AA3A9022ED3 /* Feather.ttf */,
				01DCF2765D924B8EA4B2DADF /* FontAwesome.ttf */,
				DCD3B8C755DC462CBEC3D6CC /* FontAwesome5_Brands.ttf */,
				A4FDBE2536924CC595774C08 /* FontAwesome5_Regular.ttf */,
				1DC146B3FEDE4ECEAD9458F5 /* FontAwesome5_Solid.ttf */,
				18C4A97B442143A9A2DB521F /* Fontisto.ttf */,
				347DDA68695946DABA00A3C5 /* Foundation.ttf */,
				8DF5B7CF407E4FA797CEA1CB /* Ionicons.ttf */,
				6743AE7C8F6149B6B2C1E2E1 /* MaterialCommunityIcons.ttf */,
				336613FEE2C44D70BAD29A09 /* MaterialIcons.ttf */,
				F399B3B1C6C245038089363D /* Octicons.ttf */,
				5A3CDB198444413A8E5C56C5 /* SimpleLineIcons.ttf */,
				FA40FD2244B64110B447DFF4 /* Zocial.ttf */,
				F0A0BBE1434D4450B5276DDC /* calendarTabIcon.svg */,
				E03EF8EE6FF7447B836C53B5 /* homeTasIcon.svg */,
			);
			name = Resources;
			path = "";
			sourceTree = "<group>";
		};
/* End PBXGroup section */

/* Begin PBXNativeTarget section */
		00E356ED1AD99517003FC87E /* Places2StayTests */ = {
			isa = PBXNativeTarget;
			buildConfigurationList = 00E357021AD99517003FC87E /* Build configuration list for PBXNativeTarget "Places2StayTests" */;
			buildPhases = (
				A55EABD7B0C7F3A422A6CC61 /* [CP] Check Pods Manifest.lock */,
				00E356EA1AD99517003FC87E /* Sources */,
				00E356EB1AD99517003FC87E /* Frameworks */,
				00E356EC1AD99517003FC87E /* Resources */,
				C59DA0FBD6956966B86A3779 /* [CP] Embed Pods Frameworks */,
				F6A41C54EA430FDDC6A6ED99 /* [CP] Copy Pods Resources */,
			);
			buildRules = (
			);
			dependencies = (
				00E356F51AD99517003FC87E /* PBXTargetDependency */,
			);
			name = Places2StayTests;
			productName = Places2StayTests;
			productReference = 00E356EE1AD99517003FC87E /* Places2StayTests.xctest */;
			productType = "com.apple.product-type.bundle.unit-test";
		};
		13B07F861A680F5B00A75B9A /* Places2Stay */ = {
			isa = PBXNativeTarget;
			buildConfigurationList = 13B07F931A680F5B00A75B9A /* Build configuration list for PBXNativeTarget "Places2Stay" */;
			buildPhases = (
				C38B50BA6285516D6DCD4F65 /* [CP] Check Pods Manifest.lock */,
				FD10A7F022414F080027D42C /* Start Packager */,
				13B07F871A680F5B00A75B9A /* Sources */,
				13B07F8C1A680F5B00A75B9A /* Frameworks */,
				13B07F8E1A680F5B00A75B9A /* Resources */,
				00DD1BFF1BD5951E006B06BC /* Bundle React Native code and images */,
				00EEFC60759A1932668264C0 /* [CP] Embed Pods Frameworks */,
				E235C05ADACE081382539298 /* [CP] Copy Pods Resources */,
			);
			buildRules = (
			);
			dependencies = (
			);
			name = Places2Stay;
			productName = Places2Stay;
			productReference = 13B07F961A680F5B00A75B9A /* Places2Stay.app */;
			productType = "com.apple.product-type.application";
		};
/* End PBXNativeTarget section */

/* Begin PBXProject section */
		83CBB9F71A601CBA00E9B192 /* Project object */ = {
			isa = PBXProject;
			attributes = {
				LastUpgradeCheck = 1210;
				TargetAttributes = {
					00E356ED1AD99517003FC87E = {
						CreatedOnToolsVersion = 6.2;
						TestTargetID = 13B07F861A680F5B00A75B9A;
					};
					13B07F861A680F5B00A75B9A = {
						LastSwiftMigration = 1120;
					};
				};
			};
			buildConfigurationList = 83CBB9FA1A601CBA00E9B192 /* Build configuration list for PBXProject "Places2Stay" */;
			compatibilityVersion = "Xcode 12.0";
			developmentRegion = en;
			hasScannedForEncodings = 0;
			knownRegions = (
				en,
				Base,
			);
			mainGroup = 83CBB9F61A601CBA00E9B192;
			productRefGroup = 83CBBA001A601CBA00E9B192 /* Products */;
			projectDirPath = "";
			projectRoot = "";
			targets = (
				13B07F861A680F5B00A75B9A /* Places2Stay */,
				00E356ED1AD99517003FC87E /* Places2StayTests */,
			);
		};
/* End PBXProject section */

/* Begin PBXResourcesBuildPhase section */
		00E356EC1AD99517003FC87E /* Resources */ = {
			isa = PBXResourcesBuildPhase;
			buildActionMask = 2147483647;
			files = (
			);
			runOnlyForDeploymentPostprocessing = 0;
		};
		13B07F8E1A680F5B00A75B9A /* Resources */ = {
			isa = PBXResourcesBuildPhase;
			buildActionMask = 2147483647;
			files = (
				81AB9BB82411601600AC10FF /* LaunchScreen.storyboard in Resources */,
				13B07FBF1A68108700A75B9A /* Images.xcassets in Resources */,
				39371D60B904401E95D42541 /* Bitter-Black.ttf in Resources */,
				E9C876A7EB91487DA758CFBC /* Bitter-BlackItalic.ttf in Resources */,
				CDE341A95AE747BF9492BA21 /* Bitter-Bold.ttf in Resources */,
				087CEC78B86D4B37A01CCF7C /* Bitter-BoldItalic.ttf in Resources */,
				E3CEC690BA674AF3AE6A9467 /* Bitter-ExtraBold.ttf in Resources */,
				FE7348E5CF094499BD38E8AE /* Bitter-ExtraBoldItalic.ttf in Resources */,
				DA085FECBBDF48F3BA497252 /* Bitter-ExtraLight.ttf in Resources */,
				01237E6970F84996B49703BE /* Bitter-ExtraLightItalic.ttf in Resources */,
				3F0C0F4C55EB4E2087DAD4B7 /* Bitter-Italic.ttf in Resources */,
				24C3EE0EBCE74E6A837D1507 /* Bitter-Light.ttf in Resources */,
				C370BF7EF83E47AA8F9142CA /* Bitter-LightItalic.ttf in Resources */,
				D61F02D8E94E422BA7EED279 /* Bitter-Medium.ttf in Resources */,
				C21FF7E172704A49BDD008DF /* Bitter-MediumItalic.ttf in Resources */,
				8E058637826E4002AB21958B /* Bitter-Regular.ttf in Resources */,
				893EADE94101480A8C8A3AD0 /* Bitter-SemiBold.ttf in Resources */,
				4BFA5F72C6F24F648A14866F /* Bitter-SemiBoldItalic.ttf in Resources */,
				98AC5C9A788049EBBCD9C1E2 /* Bitter-Thin.ttf in Resources */,
				117A42F207224EE8AB387CAF /* Bitter-ThinItalic.ttf in Resources */,
				B6D8DC5D5BF141DAAECA4F8D /* EncodeSans-Black.ttf in Resources */,
				0922D23F0A284B8FA2550FA2 /* EncodeSans-Bold.ttf in Resources */,
				5ADE8A578E3C41C384533125 /* EncodeSans-ExtraBold.ttf in Resources */,
				4293A328B2A04D0FBBBBB314 /* EncodeSans-ExtraLight.ttf in Resources */,
				33E472E4D27C491EA4CD02EA /* EncodeSans-Light.ttf in Resources */,
				6035FB661A954D47991B2FB7 /* EncodeSans-Medium.ttf in Resources */,
				20768749B6FA49B496B671DD /* EncodeSans-Regular.ttf in Resources */,
				F7C556CD2A7F43E1AC8CE9BC /* EncodeSans-SemiBold.ttf in Resources */,
				C1AB18099F1F47DAA7578E04 /* EncodeSans-Thin.ttf in Resources */,
				97BC1699FB754311BFB00F8F /* AntDesign.ttf in Resources */,
				69A249348FD0411AA6D4DDD3 /* Entypo.ttf in Resources */,
				8D2844B98F0443C69CAF2D17 /* EvilIcons.ttf in Resources */,
				18E89C8EB99D4D27B3E1CE0F /* Feather.ttf in Resources */,
				74EC1AB270A54BF29955CDB8 /* FontAwesome.ttf in Resources */,
				5BE2750B81CD40C8904596CB /* FontAwesome5_Brands.ttf in Resources */,
				CE397B5980004598A09F3BBF /* FontAwesome5_Regular.ttf in Resources */,
				0C16E6D94AEA465485D29FDD /* FontAwesome5_Solid.ttf in Resources */,
				C68F325FB49C477F885B3EB0 /* Fontisto.ttf in Resources */,
				BDB9DE8EB6AC40B38C1404D9 /* Foundation.ttf in Resources */,
				945B032735CD40C5988FC6E1 /* Ionicons.ttf in Resources */,
				58ECE7B623CC48278B9CAF49 /* MaterialCommunityIcons.ttf in Resources */,
				6552E51E0DDD4C2E85924CFA /* MaterialIcons.ttf in Resources */,
				62F2C4C3ED1040AD8C61904D /* Octicons.ttf in Resources */,
				583370FA7917431CA008216F /* SimpleLineIcons.ttf in Resources */,
				A4CA4EA5BE894A17B9358A5A /* Zocial.ttf in Resources */,
				63AF7069B68F461DB6C70807 /* calendarTabIcon.svg in Resources */,
				7B4B9BE6F4DF41BBB967175A /* homeTasIcon.svg in Resources */,
			);
			runOnlyForDeploymentPostprocessing = 0;
		};
/* End PBXResourcesBuildPhase section */

/* Begin PBXShellScriptBuildPhase section */
		00DD1BFF1BD5951E006B06BC /* Bundle React Native code and images */ = {
			isa = PBXShellScriptBuildPhase;
			buildActionMask = 2147483647;
			files = (
			);
			inputPaths = (
			);
			name = "Bundle React Native code and images";
			outputPaths = (
			);
			runOnlyForDeploymentPostprocessing = 0;
			shellPath = /bin/sh;
			shellScript = "set -e\n\nexport NODE_BINARY=node\n../node_modules/react-native/scripts/react-native-xcode.sh\n";
		};
		00EEFC60759A1932668264C0 /* [CP] Embed Pods Frameworks */ = {
			isa = PBXShellScriptBuildPhase;
			buildActionMask = 2147483647;
			files = (
			);
			inputFileListPaths = (
				"${PODS_ROOT}/Target Support Files/Pods-Places2Stay/Pods-Places2Stay-frameworks-${CONFIGURATION}-input-files.xcfilelist",
			);
			name = "[CP] Embed Pods Frameworks";
			outputFileListPaths = (
				"${PODS_ROOT}/Target Support Files/Pods-Places2Stay/Pods-Places2Stay-frameworks-${CONFIGURATION}-output-files.xcfilelist",
			);
			runOnlyForDeploymentPostprocessing = 0;
			shellPath = /bin/sh;
			shellScript = "\"${PODS_ROOT}/Target Support Files/Pods-Places2Stay/Pods-Places2Stay-frameworks.sh\"\n";
			showEnvVarsInLog = 0;
		};
		A55EABD7B0C7F3A422A6CC61 /* [CP] Check Pods Manifest.lock */ = {
			isa = PBXShellScriptBuildPhase;
			buildActionMask = 2147483647;
			files = (
			);
			inputFileListPaths = (
			);
			inputPaths = (
				"${PODS_PODFILE_DIR_PATH}/Podfile.lock",
				"${PODS_ROOT}/Manifest.lock",
			);
			name = "[CP] Check Pods Manifest.lock";
			outputFileListPaths = (
			);
			outputPaths = (
				"$(DERIVED_FILE_DIR)/Pods-Places2Stay-Places2StayTests-checkManifestLockResult.txt",
			);
			runOnlyForDeploymentPostprocessing = 0;
			shellPath = /bin/sh;
			shellScript = "diff \"${PODS_PODFILE_DIR_PATH}/Podfile.lock\" \"${PODS_ROOT}/Manifest.lock\" > /dev/null\nif [ $? != 0 ] ; then\n    # print error to STDERR\n    echo \"error: The sandbox is not in sync with the Podfile.lock. Run 'pod install' or update your CocoaPods installation.\" >&2\n    exit 1\nfi\n# This output is used by Xcode 'outputs' to avoid re-running this script phase.\necho \"SUCCESS\" > \"${SCRIPT_OUTPUT_FILE_0}\"\n";
			showEnvVarsInLog = 0;
		};
		C38B50BA6285516D6DCD4F65 /* [CP] Check Pods Manifest.lock */ = {
			isa = PBXShellScriptBuildPhase;
			buildActionMask = 2147483647;
			files = (
			);
			inputFileListPaths = (
			);
			inputPaths = (
				"${PODS_PODFILE_DIR_PATH}/Podfile.lock",
				"${PODS_ROOT}/Manifest.lock",
			);
			name = "[CP] Check Pods Manifest.lock";
			outputFileListPaths = (
			);
			outputPaths = (
				"$(DERIVED_FILE_DIR)/Pods-Places2Stay-checkManifestLockResult.txt",
			);
			runOnlyForDeploymentPostprocessing = 0;
			shellPath = /bin/sh;
			shellScript = "diff \"${PODS_PODFILE_DIR_PATH}/Podfile.lock\" \"${PODS_ROOT}/Manifest.lock\" > /dev/null\nif [ $? != 0 ] ; then\n    # print error to STDERR\n    echo \"error: The sandbox is not in sync with the Podfile.lock. Run 'pod install' or update your CocoaPods installation.\" >&2\n    exit 1\nfi\n# This output is used by Xcode 'outputs' to avoid re-running this script phase.\necho \"SUCCESS\" > \"${SCRIPT_OUTPUT_FILE_0}\"\n";
			showEnvVarsInLog = 0;
		};
		C59DA0FBD6956966B86A3779 /* [CP] Embed Pods Frameworks */ = {
			isa = PBXShellScriptBuildPhase;
			buildActionMask = 2147483647;
			files = (
			);
			inputFileListPaths = (
				"${PODS_ROOT}/Target Support Files/Pods-Places2Stay-Places2StayTests/Pods-Places2Stay-Places2StayTests-frameworks-${CONFIGURATION}-input-files.xcfilelist",
			);
			name = "[CP] Embed Pods Frameworks";
			outputFileListPaths = (
				"${PODS_ROOT}/Target Support Files/Pods-Places2Stay-Places2StayTests/Pods-Places2Stay-Places2StayTests-frameworks-${CONFIGURATION}-output-files.xcfilelist",
			);
			runOnlyForDeploymentPostprocessing = 0;
			shellPath = /bin/sh;
			shellScript = "\"${PODS_ROOT}/Target Support Files/Pods-Places2Stay-Places2StayTests/Pods-Places2Stay-Places2StayTests-frameworks.sh\"\n";
			showEnvVarsInLog = 0;
		};
		E235C05ADACE081382539298 /* [CP] Copy Pods Resources */ = {
			isa = PBXShellScriptBuildPhase;
			buildActionMask = 2147483647;
			files = (
			);
			inputFileListPaths = (
				"${PODS_ROOT}/Target Support Files/Pods-Places2Stay/Pods-Places2Stay-resources-${CONFIGURATION}-input-files.xcfilelist",
			);
			name = "[CP] Copy Pods Resources";
			outputFileListPaths = (
				"${PODS_ROOT}/Target Support Files/Pods-Places2Stay/Pods-Places2Stay-resources-${CONFIGURATION}-output-files.xcfilelist",
			);
			runOnlyForDeploymentPostprocessing = 0;
			shellPath = /bin/sh;
			shellScript = "\"${PODS_ROOT}/Target Support Files/Pods-Places2Stay/Pods-Places2Stay-resources.sh\"\n";
			showEnvVarsInLog = 0;
		};
		F6A41C54EA430FDDC6A6ED99 /* [CP] Copy Pods Resources */ = {
			isa = PBXShellScriptBuildPhase;
			buildActionMask = 2147483647;
			files = (
			);
			inputFileListPaths = (
				"${PODS_ROOT}/Target Support Files/Pods-Places2Stay-Places2StayTests/Pods-Places2Stay-Places2StayTests-resources-${CONFIGURATION}-input-files.xcfilelist",
			);
			name = "[CP] Copy Pods Resources";
			outputFileListPaths = (
				"${PODS_ROOT}/Target Support Files/Pods-Places2Stay-Places2StayTests/Pods-Places2Stay-Places2StayTests-resources-${CONFIGURATION}-output-files.xcfilelist",
			);
			runOnlyForDeploymentPostprocessing = 0;
			shellPath = /bin/sh;
			shellScript = "\"${PODS_ROOT}/Target Support Files/Pods-Places2Stay-Places2StayTests/Pods-Places2Stay-Places2StayTests-resources.sh\"\n";
			showEnvVarsInLog = 0;
		};
		FD10A7F022414F080027D42C /* Start Packager */ = {
			isa = PBXShellScriptBuildPhase;
			buildActionMask = 2147483647;
			files = (
			);
			inputFileListPaths = (
			);
			inputPaths = (
			);
			name = "Start Packager";
			outputFileListPaths = (
			);
			outputPaths = (
			);
			runOnlyForDeploymentPostprocessing = 0;
			shellPath = /bin/sh;
			shellScript = "export RCT_METRO_PORT=\"${RCT_METRO_PORT:=8081}\"\necho \"export RCT_METRO_PORT=${RCT_METRO_PORT}\" > \"${SRCROOT}/../node_modules/react-native/scripts/.packager.env\"\nif [ -z \"${RCT_NO_LAUNCH_PACKAGER+xxx}\" ] ; then\n  if nc -w 5 -z localhost ${RCT_METRO_PORT} ; then\n    if ! curl -s \"http://localhost:${RCT_METRO_PORT}/status\" | grep -q \"packager-status:running\" ; then\n      echo \"Port ${RCT_METRO_PORT} already in use, packager is either not running or not running correctly\"\n      exit 2\n    fi\n  else\n    open \"$SRCROOT/../node_modules/react-native/scripts/launchPackager.command\" || echo \"Can't start packager automatically\"\n  fi\nfi\n";
			showEnvVarsInLog = 0;
		};
/* End PBXShellScriptBuildPhase section */

/* Begin PBXSourcesBuildPhase section */
		00E356EA1AD99517003FC87E /* Sources */ = {
			isa = PBXSourcesBuildPhase;
			buildActionMask = 2147483647;
			files = (
				00E356F31AD99517003FC87E /* Places2StayTests.m in Sources */,
			);
			runOnlyForDeploymentPostprocessing = 0;
		};
		13B07F871A680F5B00A75B9A /* Sources */ = {
			isa = PBXSourcesBuildPhase;
			buildActionMask = 2147483647;
			files = (
				13B07FBC1A68108700A75B9A /* AppDelegate.mm in Sources */,
				13B07FC11A68108700A75B9A /* main.m in Sources */,
			);
			runOnlyForDeploymentPostprocessing = 0;
		};
/* End PBXSourcesBuildPhase section */

/* Begin PBXTargetDependency section */
		00E356F51AD99517003FC87E /* PBXTargetDependency */ = {
			isa = PBXTargetDependency;
			target = 13B07F861A680F5B00A75B9A /* Places2Stay */;
			targetProxy = 00E356F41AD99517003FC87E /* PBXContainerItemProxy */;
		};
/* End PBXTargetDependency section */

/* Begin XCBuildConfiguration section */
		00E356F61AD99517003FC87E /* Debug */ = {
			isa = XCBuildConfiguration;
			baseConfigurationReference = 5B7EB9410499542E8C5724F5 /* Pods-Places2Stay-Places2StayTests.debug.xcconfig */;
			buildSettings = {
				BUNDLE_LOADER = "$(TEST_HOST)";
				GCC_PREPROCESSOR_DEFINITIONS = (
					"DEBUG=1",
					"$(inherited)",
				);
				INFOPLIST_FILE = Places2StayTests/Info.plist;
				IPHONEOS_DEPLOYMENT_TARGET = 11.0;
				LD_RUNPATH_SEARCH_PATHS = (
					"$(inherited)",
					"@executable_path/Frameworks",
					"@loader_path/Frameworks",
				);
				OTHER_LDFLAGS = (
					"-ObjC",
					"-lc++",
					"$(inherited)",
				);
				PRODUCT_BUNDLE_IDENTIFIER = "org.reactjs.native.example.$(PRODUCT_NAME:rfc1034identifier)";
				PRODUCT_NAME = "$(TARGET_NAME)";
				TEST_HOST = "$(BUILT_PRODUCTS_DIR)/Places2Stay.app/Places2Stay";
			};
			name = Debug;
		};
		00E356F71AD99517003FC87E /* Release */ = {
			isa = XCBuildConfiguration;
			baseConfigurationReference = 89C6BE57DB24E9ADA2F236DE /* Pods-Places2Stay-Places2StayTests.release.xcconfig */;
			buildSettings = {
				BUNDLE_LOADER = "$(TEST_HOST)";
				COPY_PHASE_STRIP = NO;
				INFOPLIST_FILE = Places2StayTests/Info.plist;
				IPHONEOS_DEPLOYMENT_TARGET = 11.0;
				LD_RUNPATH_SEARCH_PATHS = (
					"$(inherited)",
					"@executable_path/Frameworks",
					"@loader_path/Frameworks",
				);
				OTHER_LDFLAGS = (
					"-ObjC",
					"-lc++",
					"$(inherited)",
				);
				PRODUCT_BUNDLE_IDENTIFIER = "org.reactjs.native.example.$(PRODUCT_NAME:rfc1034identifier)";
				PRODUCT_NAME = "$(TARGET_NAME)";
				TEST_HOST = "$(BUILT_PRODUCTS_DIR)/Places2Stay.app/Places2Stay";
			};
			name = Release;
		};
		13B07F941A680F5B00A75B9A /* Debug */ = {
			isa = XCBuildConfiguration;
			baseConfigurationReference = 3B4392A12AC88292D35C810B /* Pods-Places2Stay.debug.xcconfig */;
			buildSettings = {
				ASSETCATALOG_COMPILER_APPICON_NAME = AppIcon;
				CLANG_ENABLE_MODULES = YES;
				CURRENT_PROJECT_VERSION = 1;
				ENABLE_BITCODE = NO;
				INFOPLIST_FILE = Places2Stay/Info.plist;
				LD_RUNPATH_SEARCH_PATHS = (
					"$(inherited)",
					"@executable_path/Frameworks",
				);
				OTHER_LDFLAGS = (
					"$(inherited)",
					"-ObjC",
					"-lc++",
				);
				PRODUCT_BUNDLE_IDENTIFIER = "org.reactjs.native.example.$(PRODUCT_NAME:rfc1034identifier)";
				PRODUCT_NAME = Places2Stay;
				SWIFT_OPTIMIZATION_LEVEL = "-Onone";
				SWIFT_VERSION = 5.0;
				VERSIONING_SYSTEM = "apple-generic";
			};
			name = Debug;
		};
		13B07F951A680F5B00A75B9A /* Release */ = {
			isa = XCBuildConfiguration;
			baseConfigurationReference = 5709B34CF0A7D63546082F79 /* Pods-Places2Stay.release.xcconfig */;
			buildSettings = {
				ASSETCATALOG_COMPILER_APPICON_NAME = AppIcon;
				CLANG_ENABLE_MODULES = YES;
				CURRENT_PROJECT_VERSION = 1;
				INFOPLIST_FILE = Places2Stay/Info.plist;
				LD_RUNPATH_SEARCH_PATHS = (
					"$(inherited)",
					"@executable_path/Frameworks",
				);
				OTHER_LDFLAGS = (
					"$(inherited)",
					"-ObjC",
					"-lc++",
				);
				PRODUCT_BUNDLE_IDENTIFIER = "org.reactjs.native.example.$(PRODUCT_NAME:rfc1034identifier)";
				PRODUCT_NAME = Places2Stay;
				SWIFT_VERSION = 5.0;
				VERSIONING_SYSTEM = "apple-generic";
			};
			name = Release;
		};
		83CBBA201A601CBA00E9B192 /* Debug */ = {
			isa = XCBuildConfiguration;
			buildSettings = {
				ALWAYS_SEARCH_USER_PATHS = NO;
				CLANG_ANALYZER_LOCALIZABILITY_NONLOCALIZED = YES;
				CLANG_CXX_LANGUAGE_STANDARD = "c++17";
				CLANG_CXX_LIBRARY = "libc++";
				CLANG_ENABLE_MODULES = YES;
				CLANG_ENABLE_OBJC_ARC = YES;
				CLANG_WARN_BLOCK_CAPTURE_AUTORELEASING = YES;
				CLANG_WARN_BOOL_CONVERSION = YES;
				CLANG_WARN_COMMA = YES;
				CLANG_WARN_CONSTANT_CONVERSION = YES;
				CLANG_WARN_DEPRECATED_OBJC_IMPLEMENTATIONS = YES;
				CLANG_WARN_DIRECT_OBJC_ISA_USAGE = YES_ERROR;
				CLANG_WARN_EMPTY_BODY = YES;
				CLANG_WARN_ENUM_CONVERSION = YES;
				CLANG_WARN_INFINITE_RECURSION = YES;
				CLANG_WARN_INT_CONVERSION = YES;
				CLANG_WARN_NON_LITERAL_NULL_CONVERSION = YES;
				CLANG_WARN_OBJC_IMPLICIT_RETAIN_SELF = YES;
				CLANG_WARN_OBJC_LITERAL_CONVERSION = YES;
				CLANG_WARN_OBJC_ROOT_CLASS = YES_ERROR;
				CLANG_WARN_QUOTED_INCLUDE_IN_FRAMEWORK_HEADER = YES;
				CLANG_WARN_RANGE_LOOP_ANALYSIS = YES;
				CLANG_WARN_STRICT_PROTOTYPES = YES;
				CLANG_WARN_SUSPICIOUS_MOVE = YES;
				CLANG_WARN_UNREACHABLE_CODE = YES;
				CLANG_WARN__DUPLICATE_METHOD_MATCH = YES;
				"CODE_SIGN_IDENTITY[sdk=iphoneos*]" = "iPhone Developer";
				COPY_PHASE_STRIP = NO;
				ENABLE_STRICT_OBJC_MSGSEND = YES;
				ENABLE_TESTABILITY = YES;
				"EXCLUDED_ARCHS[sdk=iphonesimulator*]" = "";
				GCC_C_LANGUAGE_STANDARD = gnu99;
				GCC_DYNAMIC_NO_PIC = NO;
				GCC_NO_COMMON_BLOCKS = YES;
				GCC_OPTIMIZATION_LEVEL = 0;
				GCC_PREPROCESSOR_DEFINITIONS = (
					"DEBUG=1",
					"$(inherited)",
				);
				GCC_SYMBOLS_PRIVATE_EXTERN = NO;
				GCC_WARN_64_TO_32_BIT_CONVERSION = YES;
				GCC_WARN_ABOUT_RETURN_TYPE = YES_ERROR;
				GCC_WARN_UNDECLARED_SELECTOR = YES;
				GCC_WARN_UNINITIALIZED_AUTOS = YES_AGGRESSIVE;
				GCC_WARN_UNUSED_FUNCTION = YES;
				GCC_WARN_UNUSED_VARIABLE = YES;
				IPHONEOS_DEPLOYMENT_TARGET = 11.0;
				LD_RUNPATH_SEARCH_PATHS = (
					/usr/lib/swift,
					"$(inherited)",
				);
				LIBRARY_SEARCH_PATHS = (
					"\"$(SDKROOT)/usr/lib/swift\"",
					"\"$(TOOLCHAIN_DIR)/usr/lib/swift/$(PLATFORM_NAME)\"",
					"\"$(inherited)\"",
				);
				MTL_ENABLE_DEBUG_INFO = YES;
				ONLY_ACTIVE_ARCH = YES;
				OTHER_CPLUSPLUSFLAGS = (
					"$(OTHER_CFLAGS)",
					"-DFOLLY_NO_CONFIG",
					"-DFOLLY_MOBILE=1",
					"-DFOLLY_USE_LIBCPP=1",
				);
				SDKROOT = iphoneos;
			};
			name = Debug;
		};
		83CBBA211A601CBA00E9B192 /* Release */ = {
			isa = XCBuildConfiguration;
			buildSettings = {
				ALWAYS_SEARCH_USER_PATHS = NO;
				CLANG_ANALYZER_LOCALIZABILITY_NONLOCALIZED = YES;
				CLANG_CXX_LANGUAGE_STANDARD = "c++17";
				CLANG_CXX_LIBRARY = "libc++";
				CLANG_ENABLE_MODULES = YES;
				CLANG_ENABLE_OBJC_ARC = YES;
				CLANG_WARN_BLOCK_CAPTURE_AUTORELEASING = YES;
				CLANG_WARN_BOOL_CONVERSION = YES;
				CLANG_WARN_COMMA = YES;
				CLANG_WARN_CONSTANT_CONVERSION = YES;
				CLANG_WARN_DEPRECATED_OBJC_IMPLEMENTATIONS = YES;
				CLANG_WARN_DIRECT_OBJC_ISA_USAGE = YES_ERROR;
				CLANG_WARN_EMPTY_BODY = YES;
				CLANG_WARN_ENUM_CONVERSION = YES;
				CLANG_WARN_INFINITE_RECURSION = YES;
				CLANG_WARN_INT_CONVERSION = YES;
				CLANG_WARN_NON_LITERAL_NULL_CONVERSION = YES;
				CLANG_WARN_OBJC_IMPLICIT_RETAIN_SELF = YES;
				CLANG_WARN_OBJC_LITERAL_CONVERSION = YES;
				CLANG_WARN_OBJC_ROOT_CLASS = YES_ERROR;
				CLANG_WARN_QUOTED_INCLUDE_IN_FRAMEWORK_HEADER = YES;
				CLANG_WARN_RANGE_LOOP_ANALYSIS = YES;
				CLANG_WARN_STRICT_PROTOTYPES = YES;
				CLANG_WARN_SUSPICIOUS_MOVE = YES;
				CLANG_WARN_UNREACHABLE_CODE = YES;
				CLANG_WARN__DUPLICATE_METHOD_MATCH = YES;
				"CODE_SIGN_IDENTITY[sdk=iphoneos*]" = "iPhone Developer";
				COPY_PHASE_STRIP = YES;
				ENABLE_NS_ASSERTIONS = NO;
				ENABLE_STRICT_OBJC_MSGSEND = YES;
				"EXCLUDED_ARCHS[sdk=iphonesimulator*]" = "";
				GCC_C_LANGUAGE_STANDARD = gnu99;
				GCC_NO_COMMON_BLOCKS = YES;
				GCC_WARN_64_TO_32_BIT_CONVERSION = YES;
				GCC_WARN_ABOUT_RETURN_TYPE = YES_ERROR;
				GCC_WARN_UNDECLARED_SELECTOR = YES;
				GCC_WARN_UNINITIALIZED_AUTOS = YES_AGGRESSIVE;
				GCC_WARN_UNUSED_FUNCTION = YES;
				GCC_WARN_UNUSED_VARIABLE = YES;
				IPHONEOS_DEPLOYMENT_TARGET = 11.0;
				LD_RUNPATH_SEARCH_PATHS = (
					/usr/lib/swift,
					"$(inherited)",
				);
				LIBRARY_SEARCH_PATHS = (
					"\"$(SDKROOT)/usr/lib/swift\"",
					"\"$(TOOLCHAIN_DIR)/usr/lib/swift/$(PLATFORM_NAME)\"",
					"\"$(inherited)\"",
				);
				MTL_ENABLE_DEBUG_INFO = NO;
				OTHER_CPLUSPLUSFLAGS = (
					"$(OTHER_CFLAGS)",
					"-DFOLLY_NO_CONFIG",
					"-DFOLLY_MOBILE=1",
					"-DFOLLY_USE_LIBCPP=1",
				);
				SDKROOT = iphoneos;
				VALIDATE_PRODUCT = YES;
			};
			name = Release;
		};
/* End XCBuildConfiguration section */

/* Begin XCConfigurationList section */
		00E357021AD99517003FC87E /* Build configuration list for PBXNativeTarget "Places2StayTests" */ = {
			isa = XCConfigurationList;
			buildConfigurations = (
				00E356F61AD99517003FC87E /* Debug */,
				00E356F71AD99517003FC87E /* Release */,
			);
			defaultConfigurationIsVisible = 0;
			defaultConfigurationName = Release;
		};
		13B07F931A680F5B00A75B9A /* Build configuration list for PBXNativeTarget "Places2Stay" */ = {
			isa = XCConfigurationList;
			buildConfigurations = (
				13B07F941A680F5B00A75B9A /* Debug */,
				13B07F951A680F5B00A75B9A /* Release */,
			);
			defaultConfigurationIsVisible = 0;
			defaultConfigurationName = Release;
		};
		83CBB9FA1A601CBA00E9B192 /* Build configuration list for PBXProject "Places2Stay" */ = {
			isa = XCConfigurationList;
			buildConfigurations = (
				83CBBA201A601CBA00E9B192 /* Debug */,
				83CBBA211A601CBA00E9B192 /* Release */,
			);
			defaultConfigurationIsVisible = 0;
			defaultConfigurationName = Release;
		};
/* End XCConfigurationList section */
	};
	rootObject = 83CBB9F71A601CBA00E9B192 /* Project object */;
}
